// !$*UTF8*$!
{
	archiveVersion = 1;
	classes = {
	};
	objectVersion = 77;
	objects = {

/* Begin PBXBuildFile section */
		8E0543F12CE5CA2C00A1F44F /* SnapKit in Frameworks */ = {isa = PBXBuildFile; productRef = 8E0543F02CE5CA2C00A1F44F /* SnapKit */; };
/* End PBXBuildFile section */

/* Begin PBXContainerItemProxy section */
		8E0543D12CE5C9B300A1F44F /* PBXContainerItemProxy */ = {
			isa = PBXContainerItemProxy;
			containerPortal = 8E0543B22CE5C9B100A1F44F /* Project object */;
			proxyType = 1;
			remoteGlobalIDString = 8E0543B92CE5C9B100A1F44F;
			remoteInfo = calculator_Lv2;
		};
		8E0543DB2CE5C9B300A1F44F /* PBXContainerItemProxy */ = {
			isa = PBXContainerItemProxy;
			containerPortal = 8E0543B22CE5C9B100A1F44F /* Project object */;
			proxyType = 1;
			remoteGlobalIDString = 8E0543B92CE5C9B100A1F44F;
			remoteInfo = calculator_Lv2;
		};
/* End PBXContainerItemProxy section */

/* Begin PBXFileReference section */
		8E0543BA2CE5C9B100A1F44F /* calculator_Lv2.app */ = {isa = PBXFileReference; explicitFileType = wrapper.application; includeInIndex = 0; path = calculator_Lv2.app; sourceTree = BUILT_PRODUCTS_DIR; };
		8E0543D02CE5C9B300A1F44F /* calculator_Lv2Tests.xctest */ = {isa = PBXFileReference; explicitFileType = wrapper.cfbundle; includeInIndex = 0; path = calculator_Lv2Tests.xctest; sourceTree = BUILT_PRODUCTS_DIR; };
		8E0543DA2CE5C9B300A1F44F /* calculator_Lv2UITests.xctest */ = {isa = PBXFileReference; explicitFileType = wrapper.cfbundle; includeInIndex = 0; path = calculator_Lv2UITests.xctest; sourceTree = BUILT_PRODUCTS_DIR; };
/* End PBXFileReference section */

/* Begin PBXFileSystemSynchronizedBuildFileExceptionSet section */
		8E0543E22CE5C9B300A1F44F /* Exceptions for "calculator_Lv2" folder in "calculator_Lv2" target */ = {
			isa = PBXFileSystemSynchronizedBuildFileExceptionSet;
			membershipExceptions = (
				Info.plist,
			);
			target = 8E0543B92CE5C9B100A1F44F /* calculator_Lv2 */;
		};
/* End PBXFileSystemSynchronizedBuildFileExceptionSet section */

/* Begin PBXFileSystemSynchronizedRootGroup section */
		8E0543BC2CE5C9B100A1F44F /* calculator_Lv2 */ = {
			isa = PBXFileSystemSynchronizedRootGroup;
			exceptions = (
				8E0543E22CE5C9B300A1F44F /* Exceptions for "calculator_Lv2" folder in "calculator_Lv2" target */,
			);
			path = calculator_Lv2;
			sourceTree = "<group>";
		};
		8E0543D32CE5C9B300A1F44F /* calculator_Lv2Tests */ = {
			isa = PBXFileSystemSynchronizedRootGroup;
			path = calculator_Lv2Tests;
			sourceTree = "<group>";
		};
		8E0543DD2CE5C9B300A1F44F /* calculator_Lv2UITests */ = {
			isa = PBXFileSystemSynchronizedRootGroup;
			path = calculator_Lv2UITests;
			sourceTree = "<group>";
		};
/* End PBXFileSystemSynchronizedRootGroup section */

/* Begin PBXFrameworksBuildPhase section */
		8E0543B72CE5C9B100A1F44F /* Frameworks */ = {
			isa = PBXFrameworksBuildPhase;
			buildActionMask = 2147483647;
			files = (
				8E0543F12CE5CA2C00A1F44F /* SnapKit in Frameworks */,
			);
			runOnlyForDeploymentPostprocessing = 0;
		};
		8E0543CD2CE5C9B300A1F44F /* Frameworks */ = {
			isa = PBXFrameworksBuildPhase;
			buildActionMask = 2147483647;
			files = (
			);
			runOnlyForDeploymentPostprocessing = 0;
		};
		8E0543D72CE5C9B300A1F44F /* Frameworks */ = {
			isa = PBXFrameworksBuildPhase;
			buildActionMask = 2147483647;
			files = (
			);
			runOnlyForDeploymentPostprocessing = 0;
		};
/* End PBXFrameworksBuildPhase section */

/* Begin PBXGroup section */
		8E0543B12CE5C9B100A1F44F = {
			isa = PBXGroup;
			children = (
				8E0543BC2CE5C9B100A1F44F /* calculator_Lv2 */,
				8E0543D32CE5C9B300A1F44F /* calculator_Lv2Tests */,
				8E0543DD2CE5C9B300A1F44F /* calculator_Lv2UITests */,
				8E0543EF2CE5CA2C00A1F44F /* Frameworks */,
				8E0543BB2CE5C9B100A1F44F /* Products */,
			);
			sourceTree = "<group>";
		};
		8E0543BB2CE5C9B100A1F44F /* Products */ = {
			isa = PBXGroup;
			children = (
				8E0543BA2CE5C9B100A1F44F /* calculator_Lv2.app */,
				8E0543D02CE5C9B300A1F44F /* calculator_Lv2Tests.xctest */,
				8E0543DA2CE5C9B300A1F44F /* calculator_Lv2UITests.xctest */,
			);
			name = Products;
			sourceTree = "<group>";
		};
		8E0543EF2CE5CA2C00A1F44F /* Frameworks */ = {
			isa = PBXGroup;
			children = (
			);
			name = Frameworks;
			sourceTree = "<group>";
		};
/* End PBXGroup section */

/* Begin PBXNativeTarget section */
		8E0543B92CE5C9B100A1F44F /* calculator_Lv2 */ = {
			isa = PBXNativeTarget;
			buildConfigurationList = 8E0543E32CE5C9B300A1F44F /* Build configuration list for PBXNativeTarget "calculator_Lv2" */;
			buildPhases = (
				8E0543B62CE5C9B100A1F44F /* Sources */,
				8E0543B72CE5C9B100A1F44F /* Frameworks */,
				8E0543B82CE5C9B100A1F44F /* Resources */,
			);
			buildRules = (
			);
			dependencies = (
			);
			fileSystemSynchronizedGroups = (
				8E0543BC2CE5C9B100A1F44F /* calculator_Lv2 */,
			);
			name = calculator_Lv2;
			packageProductDependencies = (
				8E0543F02CE5CA2C00A1F44F /* SnapKit */,
			);
			productName = calculator_Lv2;
			productReference = 8E0543BA2CE5C9B100A1F44F /* calculator_Lv2.app */;
			productType = "com.apple.product-type.application";
		};
		8E0543CF2CE5C9B300A1F44F /* calculator_Lv2Tests */ = {
			isa = PBXNativeTarget;
			buildConfigurationList = 8E0543E82CE5C9B300A1F44F /* Build configuration list for PBXNativeTarget "calculator_Lv2Tests" */;
			buildPhases = (
				8E0543CC2CE5C9B300A1F44F /* Sources */,
				8E0543CD2CE5C9B300A1F44F /* Frameworks */,
				8E0543CE2CE5C9B300A1F44F /* Resources */,
			);
			buildRules = (
			);
			dependencies = (
				8E0543D22CE5C9B300A1F44F /* PBXTargetDependency */,
			);
			fileSystemSynchronizedGroups = (
				8E0543D32CE5C9B300A1F44F /* calculator_Lv2Tests */,
			);
			name = calculator_Lv2Tests;
			packageProductDependencies = (
			);
			productName = calculator_Lv2Tests;
			productReference = 8E0543D02CE5C9B300A1F44F /* calculator_Lv2Tests.xctest */;
			productType = "com.apple.product-type.bundle.unit-test";
		};
		8E0543D92CE5C9B300A1F44F /* calculator_Lv2UITests */ = {
			isa = PBXNativeTarget;
			buildConfigurationList = 8E0543EB2CE5C9B300A1F44F /* Build configuration list for PBXNativeTarget "calculator_Lv2UITests" */;
			buildPhases = (
				8E0543D62CE5C9B300A1F44F /* Sources */,
				8E0543D72CE5C9B300A1F44F /* Frameworks */,
				8E0543D82CE5C9B300A1F44F /* Resources */,
			);
			buildRules = (
			);
			dependencies = (
				8E0543DC2CE5C9B300A1F44F /* PBXTargetDependency */,
			);
			fileSystemSynchronizedGroups = (
				8E0543DD2CE5C9B300A1F44F /* calculator_Lv2UITests */,
			);
			name = calculator_Lv2UITests;
			packageProductDependencies = (
			);
			productName = calculator_Lv2UITests;
			productReference = 8E0543DA2CE5C9B300A1F44F /* calculator_Lv2UITests.xctest */;
			productType = "com.apple.product-type.bundle.ui-testing";
		};
/* End PBXNativeTarget section */

/* Begin PBXProject section */
		8E0543B22CE5C9B100A1F44F /* Project object */ = {
			isa = PBXProject;
			attributes = {
				BuildIndependentTargetsInParallel = 1;
				LastSwiftUpdateCheck = 1610;
				LastUpgradeCheck = 1610;
				TargetAttributes = {
					8E0543B92CE5C9B100A1F44F = {
						CreatedOnToolsVersion = 16.1;
					};
					8E0543CF2CE5C9B300A1F44F = {
						CreatedOnToolsVersion = 16.1;
						TestTargetID = 8E0543B92CE5C9B100A1F44F;
					};
					8E0543D92CE5C9B300A1F44F = {
						CreatedOnToolsVersion = 16.1;
						TestTargetID = 8E0543B92CE5C9B100A1F44F;
					};
				};
			};
			buildConfigurationList = 8E0543B52CE5C9B100A1F44F /* Build configuration list for PBXProject "calculator_Lv2" */;
			developmentRegion = en;
			hasScannedForEncodings = 0;
			knownRegions = (
				en,
				Base,
			);
			mainGroup = 8E0543B12CE5C9B100A1F44F;
			minimizedProjectReferenceProxies = 1;
			packageReferences = (
				8E0543EE2CE5CA2200A1F44F /* XCRemoteSwiftPackageReference "SnapKit" */,
			);
			preferredProjectObjectVersion = 77;
			productRefGroup = 8E0543BB2CE5C9B100A1F44F /* Products */;
			projectDirPath = "";
			projectRoot = "";
			targets = (
				8E0543B92CE5C9B100A1F44F /* calculator_Lv2 */,
				8E0543CF2CE5C9B300A1F44F /* calculator_Lv2Tests */,
				8E0543D92CE5C9B300A1F44F /* calculator_Lv2UITests */,
			);
		};
/* End PBXProject section */

/* Begin PBXResourcesBuildPhase section */
		8E0543B82CE5C9B100A1F44F /* Resources */ = {
			isa = PBXResourcesBuildPhase;
			buildActionMask = 2147483647;
			files = (
			);
			runOnlyForDeploymentPostprocessing = 0;
		};
		8E0543CE2CE5C9B300A1F44F /* Resources */ = {
			isa = PBXResourcesBuildPhase;
			buildActionMask = 2147483647;
			files = (
			);
			runOnlyForDeploymentPostprocessing = 0;
		};
		8E0543D82CE5C9B300A1F44F /* Resources */ = {
			isa = PBXResourcesBuildPhase;
			buildActionMask = 2147483647;
			files = (
			);
			runOnlyForDeploymentPostprocessing = 0;
		};
/* End PBXResourcesBuildPhase section */

/* Begin PBXSourcesBuildPhase section */
		8E0543B62CE5C9B100A1F44F /* Sources */ = {
			isa = PBXSourcesBuildPhase;
			buildActionMask = 2147483647;
			files = (
			);
			runOnlyForDeploymentPostprocessing = 0;
		};
		8E0543CC2CE5C9B300A1F44F /* Sources */ = {
			isa = PBXSourcesBuildPhase;
			buildActionMask = 2147483647;
			files = (
			);
			runOnlyForDeploymentPostprocessing = 0;
		};
		8E0543D62CE5C9B300A1F44F /* Sources */ = {
			isa = PBXSourcesBuildPhase;
			buildActionMask = 2147483647;
			files = (
			);
			runOnlyForDeploymentPostprocessing = 0;
		};
/* End PBXSourcesBuildPhase section */

/* Begin PBXTargetDependency section */
		8E0543D22CE5C9B300A1F44F /* PBXTargetDependency */ = {
			isa = PBXTargetDependency;
			target = 8E0543B92CE5C9B100A1F44F /* calculator_Lv2 */;
			targetProxy = 8E0543D12CE5C9B300A1F44F /* PBXContainerItemProxy */;
		};
		8E0543DC2CE5C9B300A1F44F /* PBXTargetDependency */ = {
			isa = PBXTargetDependency;
			target = 8E0543B92CE5C9B100A1F44F /* calculator_Lv2 */;
			targetProxy = 8E0543DB2CE5C9B300A1F44F /* PBXContainerItemProxy */;
		};
/* End PBXTargetDependency section */

/* Begin XCBuildConfiguration section */
		8E0543E42CE5C9B300A1F44F /* Debug */ = {
			isa = XCBuildConfiguration;
			buildSettings = {
				ASSETCATALOG_COMPILER_APPICON_NAME = AppIcon;
				ASSETCATALOG_COMPILER_GLOBAL_ACCENT_COLOR_NAME = AccentColor;
				CODE_SIGN_STYLE = Automatic;
				CURRENT_PROJECT_VERSION = 1;
				DEVELOPMENT_TEAM = 5PK5H7T5K9;
				GENERATE_INFOPLIST_FILE = YES;
				INFOPLIST_FILE = calculator_Lv2/Info.plist;
				INFOPLIST_KEY_UIApplicationSupportsIndirectInputEvents = YES;
				INFOPLIST_KEY_UILaunchStoryboardName = LaunchScreen;
				INFOPLIST_KEY_UISupportedInterfaceOrientations_iPad = "UIInterfaceOrientationPortrait UIInterfaceOrientationPortraitUpsideDown UIInterfaceOrientationLandscapeLeft UIInterfaceOrientationLandscapeRight";
				INFOPLIST_KEY_UISupportedInterfaceOrientations_iPhone = "UIInterfaceOrientationPortrait UIInterfaceOrientationLandscapeLeft UIInterfaceOrientationLandscapeRight";
				LD_RUNPATH_SEARCH_PATHS = (
					"$(inherited)",
					"@executable_path/Frameworks",
				);
				MARKETING_VERSION = 1.0;
				PRODUCT_BUNDLE_IDENTIFIER = "com.gyeomii.calculator-Lv2";
				PRODUCT_NAME = "$(TARGET_NAME)";
				SWIFT_EMIT_LOC_STRINGS = YES;
				SWIFT_VERSION = 5.0;
				TARGETED_DEVICE_FAMILY = "1,2";
			};
			name = Debug;
		};
		8E0543E52CE5C9B300A1F44F /* Release */ = {
			isa = XCBuildConfiguration;
			buildSettings = {
				ASSETCATALOG_COMPILER_APPICON_NAME = AppIcon;
				ASSETCATALOG_COMPILER_GLOBAL_ACCENT_COLOR_NAME = AccentColor;
				CODE_SIGN_STYLE = Automatic;
				CURRENT_PROJECT_VERSION = 1;
				DEVELOPMENT_TEAM = 5PK5H7T5K9;
				GENERATE_INFOPLIST_FILE = YES;
				INFOPLIST_FILE = calculator_Lv2/Info.plist;
				INFOPLIST_KEY_UIApplicationSupportsIndirectInputEvents = YES;
				INFOPLIST_KEY_UILaunchStoryboardName = LaunchScreen;
				INFOPLIST_KEY_UISupportedInterfaceOrientations_iPad = "UIInterfaceOrientationPortrait UIInterfaceOrientationPortraitUpsideDown UIInterfaceOrientationLandscapeLeft UIInterfaceOrientationLandscapeRight";
				INFOPLIST_KEY_UISupportedInterfaceOrientations_iPhone = "UIInterfaceOrientationPortrait UIInterfaceOrientationLandscapeLeft UIInterfaceOrientationLandscapeRight";
				LD_RUNPATH_SEARCH_PATHS = (
					"$(inherited)",
					"@executable_path/Frameworks",
				);
				MARKETING_VERSION = 1.0;
				PRODUCT_BUNDLE_IDENTIFIER = "com.gyeomii.calculator-Lv2";
				PRODUCT_NAME = "$(TARGET_NAME)";
				SWIFT_EMIT_LOC_STRINGS = YES;
				SWIFT_VERSION = 5.0;
				TARGETED_DEVICE_FAMILY = "1,2";
			};
			name = Release;
		};
		8E0543E62CE5C9B300A1F44F /* Debug */ = {
			isa = XCBuildConfiguration;
			buildSettings = {
				ALWAYS_SEARCH_USER_PATHS = NO;
				ASSETCATALOG_COMPILER_GENERATE_SWIFT_ASSET_SYMBOL_EXTENSIONS = YES;
				CLANG_ANALYZER_NONNULL = YES;
				CLANG_ANALYZER_NUMBER_OBJECT_CONVERSION = YES_AGGRESSIVE;
				CLANG_CXX_LANGUAGE_STANDARD = "gnu++20";
				CLANG_ENABLE_MODULES = YES;
				CLANG_ENABLE_OBJC_ARC = YES;
				CLANG_ENABLE_OBJC_WEAK = YES;
				CLANG_WARN_BLOCK_CAPTURE_AUTORELEASING = YES;
				CLANG_WARN_BOOL_CONVERSION = YES;
				CLANG_WARN_COMMA = YES;
				CLANG_WARN_CONSTANT_CONVERSION = YES;
				CLANG_WARN_DEPRECATED_OBJC_IMPLEMENTATIONS = YES;
				CLANG_WARN_DIRECT_OBJC_ISA_USAGE = YES_ERROR;
				CLANG_WARN_DOCUMENTATION_COMMENTS = YES;
				CLANG_WARN_EMPTY_BODY = YES;
				CLANG_WARN_ENUM_CONVERSION = YES;
				CLANG_WARN_INFINITE_RECURSION = YES;
				CLANG_WARN_INT_CONVERSION = YES;
				CLANG_WARN_NON_LITERAL_NULL_CONVERSION = YES;
				CLANG_WARN_OBJC_IMPLICIT_RETAIN_SELF = YES;
				CLANG_WARN_OBJC_LITERAL_CONVERSION = YES;
				CLANG_WARN_OBJC_ROOT_CLASS = YES_ERROR;
				CLANG_WARN_QUOTED_INCLUDE_IN_FRAMEWORK_HEADER = YES;
				CLANG_WARN_RANGE_LOOP_ANALYSIS = YES;
				CLANG_WARN_STRICT_PROTOTYPES = YES;
				CLANG_WARN_SUSPICIOUS_MOVE = YES;
				CLANG_WARN_UNGUARDED_AVAILABILITY = YES_AGGRESSIVE;
				CLANG_WARN_UNREACHABLE_CODE = YES;
				CLANG_WARN__DUPLICATE_METHOD_MATCH = YES;
				COPY_PHASE_STRIP = NO;
				DEBUG_INFORMATION_FORMAT = dwarf;
				ENABLE_STRICT_OBJC_MSGSEND = YES;
				ENABLE_TESTABILITY = YES;
				ENABLE_USER_SCRIPT_SANDBOXING = YES;
				GCC_C_LANGUAGE_STANDARD = gnu17;
				GCC_DYNAMIC_NO_PIC = NO;
				GCC_NO_COMMON_BLOCKS = YES;
				GCC_OPTIMIZATION_LEVEL = 0;
				GCC_PREPROCESSOR_DEFINITIONS = (
					"DEBUG=1",
					"$(inherited)",
				);
				GCC_WARN_64_TO_32_BIT_CONVERSION = YES;
				GCC_WARN_ABOUT_RETURN_TYPE = YES_ERROR;
				GCC_WARN_UNDECLARED_SELECTOR = YES;
				GCC_WARN_UNINITIALIZED_AUTOS = YES_AGGRESSIVE;
				GCC_WARN_UNUSED_FUNCTION = YES;
				GCC_WARN_UNUSED_VARIABLE = YES;
				IPHONEOS_DEPLOYMENT_TARGET = 18.1;
				LOCALIZATION_PREFERS_STRING_CATALOGS = YES;
				MTL_ENABLE_DEBUG_INFO = INCLUDE_SOURCE;
				MTL_FAST_MATH = YES;
				ONLY_ACTIVE_ARCH = YES;
				SDKROOT = iphoneos;
				SWIFT_ACTIVE_COMPILATION_CONDITIONS = "DEBUG $(inherited)";
				SWIFT_OPTIMIZATION_LEVEL = "-Onone";
			};
			name = Debug;
		};
		8E0543E72CE5C9B300A1F44F /* Release */ = {
			isa = XCBuildConfiguration;
			buildSettings = {
				ALWAYS_SEARCH_USER_PATHS = NO;
				ASSETCATALOG_COMPILER_GENERATE_SWIFT_ASSET_SYMBOL_EXTENSIONS = YES;
				CLANG_ANALYZER_NONNULL = YES;
				CLANG_ANALYZER_NUMBER_OBJECT_CONVERSION = YES_AGGRESSIVE;
				CLANG_CXX_LANGUAGE_STANDARD = "gnu++20";
				CLANG_ENABLE_MODULES = YES;
				CLANG_ENABLE_OBJC_ARC = YES;
				CLANG_ENABLE_OBJC_WEAK = YES;
				CLANG_WARN_BLOCK_CAPTURE_AUTORELEASING = YES;
				CLANG_WARN_BOOL_CONVERSION = YES;
				CLANG_WARN_COMMA = YES;
				CLANG_WARN_CONSTANT_CONVERSION = YES;
				CLANG_WARN_DEPRECATED_OBJC_IMPLEMENTATIONS = YES;
				CLANG_WARN_DIRECT_OBJC_ISA_USAGE = YES_ERROR;
				CLANG_WARN_DOCUMENTATION_COMMENTS = YES;
				CLANG_WARN_EMPTY_BODY = YES;
				CLANG_WARN_ENUM_CONVERSION = YES;
				CLANG_WARN_INFINITE_RECURSION = YES;
				CLANG_WARN_INT_CONVERSION = YES;
				CLANG_WARN_NON_LITERAL_NULL_CONVERSION = YES;
				CLANG_WARN_OBJC_IMPLICIT_RETAIN_SELF = YES;
				CLANG_WARN_OBJC_LITERAL_CONVERSION = YES;
				CLANG_WARN_OBJC_ROOT_CLASS = YES_ERROR;
				CLANG_WARN_QUOTED_INCLUDE_IN_FRAMEWORK_HEADER = YES;
				CLANG_WARN_RANGE_LOOP_ANALYSIS = YES;
				CLANG_WARN_STRICT_PROTOTYPES = YES;
				CLANG_WARN_SUSPICIOUS_MOVE = YES;
				CLANG_WARN_UNGUARDED_AVAILABILITY = YES_AGGRESSIVE;
				CLANG_WARN_UNREACHABLE_CODE = YES;
				CLANG_WARN__DUPLICATE_METHOD_MATCH = YES;
				COPY_PHASE_STRIP = NO;
				DEBUG_INFORMATION_FORMAT = "dwarf-with-dsym";
				ENABLE_NS_ASSERTIONS = NO;
				ENABLE_STRICT_OBJC_MSGSEND = YES;
				ENABLE_USER_SCRIPT_SANDBOXING = YES;
				GCC_C_LANGUAGE_STANDARD = gnu17;
				GCC_NO_COMMON_BLOCKS = YES;
				GCC_WARN_64_TO_32_BIT_CONVERSION = YES;
				GCC_WARN_ABOUT_RETURN_TYPE = YES_ERROR;
				GCC_WARN_UNDECLARED_SELECTOR = YES;
				GCC_WARN_UNINITIALIZED_AUTOS = YES_AGGRESSIVE;
				GCC_WARN_UNUSED_FUNCTION = YES;
				GCC_WARN_UNUSED_VARIABLE = YES;
				IPHONEOS_DEPLOYMENT_TARGET = 18.1;
				LOCALIZATION_PREFERS_STRING_CATALOGS = YES;
				MTL_ENABLE_DEBUG_INFO = NO;
				MTL_FAST_MATH = YES;
				SDKROOT = iphoneos;
				SWIFT_COMPILATION_MODE = wholemodule;
				VALIDATE_PRODUCT = YES;
			};
			name = Release;
		};
		8E0543E92CE5C9B300A1F44F /* Debug */ = {
			isa = XCBuildConfiguration;
			buildSettings = {
				BUNDLE_LOADER = "$(TEST_HOST)";
				CODE_SIGN_STYLE = Automatic;
				CURRENT_PROJECT_VERSION = 1;
				DEVELOPMENT_TEAM = 5PK5H7T5K9;
				GENERATE_INFOPLIST_FILE = YES;
				IPHONEOS_DEPLOYMENT_TARGET = 18.1;
				MARKETING_VERSION = 1.0;
				PRODUCT_BUNDLE_IDENTIFIER = "com.gyeomii.calculator-Lv2Tests";
				PRODUCT_NAME = "$(TARGET_NAME)";
				SWIFT_EMIT_LOC_STRINGS = NO;
				SWIFT_VERSION = 5.0;
				TARGETED_DEVICE_FAMILY = "1,2";
				TEST_HOST = "$(BUILT_PRODUCTS_DIR)/calculator_Lv2.app/$(BUNDLE_EXECUTABLE_FOLDER_PATH)/calculator_Lv2";
			};
			name = Debug;
		};
		8E0543EA2CE5C9B300A1F44F /* Release */ = {
			isa = XCBuildConfiguration;
			buildSettings = {
				BUNDLE_LOADER = "$(TEST_HOST)";
				CODE_SIGN_STYLE = Automatic;
				CURRENT_PROJECT_VERSION = 1;
				DEVELOPMENT_TEAM = 5PK5H7T5K9;
				GENERATE_INFOPLIST_FILE = YES;
				IPHONEOS_DEPLOYMENT_TARGET = 18.1;
				MARKETING_VERSION = 1.0;
				PRODUCT_BUNDLE_IDENTIFIER = "com.gyeomii.calculator-Lv2Tests";
				PRODUCT_NAME = "$(TARGET_NAME)";
				SWIFT_EMIT_LOC_STRINGS = NO;
				SWIFT_VERSION = 5.0;
				TARGETED_DEVICE_FAMILY = "1,2";
				TEST_HOST = "$(BUILT_PRODUCTS_DIR)/calculator_Lv2.app/$(BUNDLE_EXECUTABLE_FOLDER_PATH)/calculator_Lv2";
			};
			name = Release;
		};
		8E0543EC2CE5C9B300A1F44F /* Debug */ = {
			isa = XCBuildConfiguration;
			buildSettings = {
				CODE_SIGN_STYLE = Automatic;
				CURRENT_PROJECT_VERSION = 1;
				DEVELOPMENT_TEAM = 5PK5H7T5K9;
				GENERATE_INFOPLIST_FILE = YES;
				MARKETING_VERSION = 1.0;
				PRODUCT_BUNDLE_IDENTIFIER = "com.gyeomii.calculator-Lv2UITests";
				PRODUCT_NAME = "$(TARGET_NAME)";
				SWIFT_EMIT_LOC_STRINGS = NO;
				SWIFT_VERSION = 5.0;
				TARGETED_DEVICE_FAMILY = "1,2";
				TEST_TARGET_NAME = calculator_Lv2;
			};
			name = Debug;
		};
		8E0543ED2CE5C9B300A1F44F /* Release */ = {
			isa = XCBuildConfiguration;
			buildSettings = {
				CODE_SIGN_STYLE = Automatic;
				CURRENT_PROJECT_VERSION = 1;
				DEVELOPMENT_TEAM = 5PK5H7T5K9;
				GENERATE_INFOPLIST_FILE = YES;
				MARKETING_VERSION = 1.0;
				PRODUCT_BUNDLE_IDENTIFIER = "com.gyeomii.calculator-Lv2UITests";
				PRODUCT_NAME = "$(TARGET_NAME)";
				SWIFT_EMIT_LOC_STRINGS = NO;
				SWIFT_VERSION = 5.0;
				TARGETED_DEVICE_FAMILY = "1,2";
				TEST_TARGET_NAME = calculator_Lv2;
			};
			name = Release;
		};
/* End XCBuildConfiguration section */

/* Begin XCConfigurationList section */
		8E0543B52CE5C9B100A1F44F /* Build configuration list for PBXProject "calculator_Lv2" */ = {
			isa = XCConfigurationList;
			buildConfigurations = (
				8E0543E62CE5C9B300A1F44F /* Debug */,
				8E0543E72CE5C9B300A1F44F /* Release */,
			);
			defaultConfigurationIsVisible = 0;
			defaultConfigurationName = Release;
		};
		8E0543E32CE5C9B300A1F44F /* Build configuration list for PBXNativeTarget "calculator_Lv2" */ = {
			isa = XCConfigurationList;
			buildConfigurations = (
				8E0543E42CE5C9B300A1F44F /* Debug */,
				8E0543E52CE5C9B300A1F44F /* Release */,
			);
			defaultConfigurationIsVisible = 0;
			defaultConfigurationName = Release;
		};
		8E0543E82CE5C9B300A1F44F /* Build configuration list for PBXNativeTarget "calculator_Lv2Tests" */ = {
			isa = XCConfigurationList;
			buildConfigurations = (
				8E0543E92CE5C9B300A1F44F /* Debug */,
				8E0543EA2CE5C9B300A1F44F /* Release */,
			);
			defaultConfigurationIsVisible = 0;
			defaultConfigurationName = Release;
		};
		8E0543EB2CE5C9B300A1F44F /* Build configuration list for PBXNativeTarget "calculator_Lv2UITests" */ = {
			isa = XCConfigurationList;
			buildConfigurations = (
				8E0543EC2CE5C9B300A1F44F /* Debug */,
				8E0543ED2CE5C9B300A1F44F /* Release */,
			);
			defaultConfigurationIsVisible = 0;
			defaultConfigurationName = Release;
		};
/* End XCConfigurationList section */

/* Begin XCRemoteSwiftPackageReference section */
		8E0543EE2CE5CA2200A1F44F /* XCRemoteSwiftPackageReference "SnapKit" */ = {
			isa = XCRemoteSwiftPackageReference;
			repositoryURL = "https://github.com/SnapKit/SnapKit";
			requirement = {
				kind = upToNextMajorVersion;
				minimumVersion = 5.7.1;
			};
		};
/* End XCRemoteSwiftPackageReference section */

/* Begin XCSwiftPackageProductDependency section */
		8E0543F02CE5CA2C00A1F44F /* SnapKit */ = {
			isa = XCSwiftPackageProductDependency;
			package = 8E0543EE2CE5CA2200A1F44F /* XCRemoteSwiftPackageReference "SnapKit" */;
			productName = SnapKit;
		};
/* End XCSwiftPackageProductDependency section */
	};
	rootObject = 8E0543B22CE5C9B100A1F44F /* Project object */;
}
